
Microsoft Visual Studio Solution File, Format Version 12.00
# Visual Studio 14
VisualStudioVersion = 14.0.25420.1
MinimumVisualStudioVersion = 10.0.40219.1
Project("{FAE04EC0-301F-11D3-BF4B-00C04F79EFBC}") = "Security.ConsoleApp", "assemblies\Security.ConsoleApp\Security.ConsoleApp.csproj", "{3833EAB4-B062-48D4-891E-77754216F925}"
EndProject
Project("{FAE04EC0-301F-11D3-BF4B-00C04F79EFBC}") = "Security.Entities", "assemblies\Security.Entities\Security.Entities.csproj", "{30B7906D-A91F-43DF-90C2-718327AD4D43}"
EndProject
Project("{FAE04EC0-301F-11D3-BF4B-00C04F79EFBC}") = "Security.Entities.UnitTests", "tests\Security.Entities.UnitTests\Security.Entities.UnitTests.csproj", "{49A83517-B764-4316-BEB0-321D8A08C707}"
EndProject
Project("{2150E333-8FDC-42A3-9474-1A3956D46DE8}") = "tests", "tests", "{C9740F23-ADEA-4D5C-90AE-1C571C65326F}"
EndProject
Project("{2150E333-8FDC-42A3-9474-1A3956D46DE8}") = "assemblies", "assemblies", "{0E316422-EC36-4328-9182-1F0078693704}"
EndProject
Project("{FAE04EC0-301F-11D3-BF4B-00C04F79EFBC}") = "Security", "Security\Security.csproj", "{B84DB3CC-30BE-4CDC-A1DA-374DBEDDFFA4}"
EndProject
Global
	GlobalSection(SolutionConfigurationPlatforms) = preSolution
		Debug|Any CPU = Debug|Any CPU
		Release|Any CPU = Release|Any CPU
	EndGlobalSection
	GlobalSection(ProjectConfigurationPlatforms) = postSolution
		{3833EAB4-B062-48D4-891E-77754216F925}.Debug|Any CPU.ActiveCfg = Debug|Any CPU
		{3833EAB4-B062-48D4-891E-77754216F925}.Debug|Any CPU.Build.0 = Debug|Any CPU
		{3833EAB4-B062-48D4-891E-77754216F925}.Release|Any CPU.ActiveCfg = Release|Any CPU
		{3833EAB4-B062-48D4-891E-77754216F925}.Release|Any CPU.Build.0 = Release|Any CPU
		{30B7906D-A91F-43DF-90C2-718327AD4D43}.Debug|Any CPU.ActiveCfg = Debug|Any CPU
		{30B7906D-A91F-43DF-90C2-718327AD4D43}.Debug|Any CPU.Build.0 = Debug|Any CPU
		{30B7906D-A91F-43DF-90C2-718327AD4D43}.Release|Any CPU.ActiveCfg = Release|Any CPU
		{30B7906D-A91F-43DF-90C2-718327AD4D43}.Release|Any CPU.Build.0 = Release|Any CPU
		{49A83517-B764-4316-BEB0-321D8A08C707}.Debug|Any CPU.ActiveCfg = Debug|Any CPU
		{49A83517-B764-4316-BEB0-321D8A08C707}.Debug|Any CPU.Build.0 = Debug|Any CPU
		{49A83517-B764-4316-BEB0-321D8A08C707}.Release|Any CPU.ActiveCfg = Release|Any CPU
		{49A83517-B764-4316-BEB0-321D8A08C707}.Release|Any CPU.Build.0 = Release|Any CPU
		{B84DB3CC-30BE-4CDC-A1DA-374DBEDDFFA4}.Debug|Any CPU.ActiveCfg = Debug|Any CPU
		{B84DB3CC-30BE-4CDC-A1DA-374DBEDDFFA4}.Debug|Any CPU.Build.0 = Debug|Any CPU
		{B84DB3CC-30BE-4CDC-A1DA-374DBEDDFFA4}.Release|Any CPU.ActiveCfg = Release|Any CPU
		{B84DB3CC-30BE-4CDC-A1DA-374DBEDDFFA4}.Release|Any CPU.Build.0 = Release|Any CPU
	EndGlobalSection
	GlobalSection(SolutionProperties) = preSolution
		HideSolutionNode = FALSE
	EndGlobalSection
	GlobalSection(NestedProjects) = preSolution
		{3833EAB4-B062-48D4-891E-77754216F925} = {0E316422-EC36-4328-9182-1F0078693704}
		{30B7906D-A91F-43DF-90C2-718327AD4D43} = {0E316422-EC36-4328-9182-1F0078693704}
		{49A83517-B764-4316-BEB0-321D8A08C707} = {C9740F23-ADEA-4D5C-90AE-1C571C65326F}
		{B84DB3CC-30BE-4CDC-A1DA-374DBEDDFFA4} = {0E316422-EC36-4328-9182-1F0078693704}
	EndGlobalSection
EndGlobal
