
Microsoft Visual Studio Solution File, Format Version 12.00
# Visual Studio 14
VisualStudioVersion = 14.0.25420.1
MinimumVisualStudioVersion = 10.0.40219.1
Project("{2150E333-8FDC-42A3-9474-1A3956D46DE8}") = "assemblies", "assemblies", "{B4195108-30B0-4FB5-A2EB-F2CAE2D26122}"
EndProject
Project("{FAE04EC0-301F-11D3-BF4B-00C04F79EFBC}") = "Security.DataLayer", "assemblies\Security.DataLayer\Security.DataLayer.csproj", "{04DC577C-2F14-45B2-A32D-67BFDA5CFF8D}"
EndProject
Project("{FAE04EC0-301F-11D3-BF4B-00C04F79EFBC}") = "Security.Entities", "assemblies\Security.Entities\Security.Entities.csproj", "{30B7906D-A91F-43DF-90C2-718327AD4D43}"
EndProject
Project("{FAE04EC0-301F-11D3-BF4B-00C04F79EFBC}") = "Security.WebApi", "assemblies\Security.WebApi\Security.WebApi.csproj", "{37538292-E637-421C-9B5C-C3BBFA7DBD13}"
EndProject
Project("{FAE04EC0-301F-11D3-BF4B-00C04F79EFBC}") = "Security.BusinessLogic", "assemblies\Security.BusinessLogic\Security.BusinessLogic.csproj", "{5F8BF4C6-204A-48AC-BE2E-A5B745AF7DCB}"
EndProject
Project("{E24C65DC-7377-472B-9ABA-BC803B73C61A}") = "Security.WebSite", "assemblies\Security.WebSite\", "{017A2C59-024B-4CCF-B520-8B593DFBBC27}"
	ProjectSection(WebsiteProperties) = preProject
		TargetFrameworkMoniker = ".NETFramework,Version%3Dv4.0"
		Debug.AspNetCompiler.VirtualPath = "/localhost_57936"
		Debug.AspNetCompiler.PhysicalPath = "assemblies\Security.WebSite\"
		Debug.AspNetCompiler.TargetPath = "PrecompiledWeb\localhost_57936\"
		Debug.AspNetCompiler.Updateable = "true"
		Debug.AspNetCompiler.ForceOverwrite = "true"
		Debug.AspNetCompiler.FixedNames = "false"
		Debug.AspNetCompiler.Debug = "True"
		Release.AspNetCompiler.VirtualPath = "/localhost_57936"
		Release.AspNetCompiler.PhysicalPath = "assemblies\Security.WebSite\"
		Release.AspNetCompiler.TargetPath = "PrecompiledWeb\localhost_57936\"
		Release.AspNetCompiler.Updateable = "true"
		Release.AspNetCompiler.ForceOverwrite = "true"
		Release.AspNetCompiler.FixedNames = "false"
		Release.AspNetCompiler.Debug = "False"
		VWDPort = "57936"
		SlnRelativePath = "assemblies\Security.WebSite\"
	EndProjectSection
EndProject
Project("{2150E333-8FDC-42A3-9474-1A3956D46DE8}") = "tests", "tests", "{B205415A-4804-4609-98A1-822E393F2E1B}"
EndProject
Project("{FAE04EC0-301F-11D3-BF4B-00C04F79EFBC}") = "RoomSecurity.UnitTests", "tests\RoomSecurity.UnitTests\RoomSecurity.UnitTests.csproj", "{0F69C904-8DAE-47E3-AA9C-E5428BB26FF4}"
EndProject
Project("{2150E333-8FDC-42A3-9474-1A3956D46DE8}") = "scripts", "scripts", "{54EC89C3-665C-435E-9769-590CE13DB403}"
	ProjectSection(SolutionItems) = preProject
		scripts\database.sql = scripts\database.sql
	EndProjectSection
EndProject
Project("{FAE04EC0-301F-11D3-BF4B-00C04F79EFBC}") = "Security.DataLayer.EF", "assemblies\Security.DataLayer.EF\Security.DataLayer.EF.csproj", "{E16C68AB-83CC-4BE9-955F-E8B667FD9CBC}"
EndProject
Global
	GlobalSection(SolutionConfigurationPlatforms) = preSolution
		Debug|Any CPU = Debug|Any CPU
		Release|Any CPU = Release|Any CPU
	EndGlobalSection
	GlobalSection(ProjectConfigurationPlatforms) = postSolution
		{04DC577C-2F14-45B2-A32D-67BFDA5CFF8D}.Debug|Any CPU.ActiveCfg = Debug|Any CPU
		{04DC577C-2F14-45B2-A32D-67BFDA5CFF8D}.Debug|Any CPU.Build.0 = Debug|Any CPU
		{04DC577C-2F14-45B2-A32D-67BFDA5CFF8D}.Release|Any CPU.ActiveCfg = Release|Any CPU
		{04DC577C-2F14-45B2-A32D-67BFDA5CFF8D}.Release|Any CPU.Build.0 = Release|Any CPU
		{30B7906D-A91F-43DF-90C2-718327AD4D43}.Debug|Any CPU.ActiveCfg = Debug|Any CPU
		{30B7906D-A91F-43DF-90C2-718327AD4D43}.Debug|Any CPU.Build.0 = Debug|Any CPU
		{30B7906D-A91F-43DF-90C2-718327AD4D43}.Release|Any CPU.ActiveCfg = Release|Any CPU
		{30B7906D-A91F-43DF-90C2-718327AD4D43}.Release|Any CPU.Build.0 = Release|Any CPU
		{37538292-E637-421C-9B5C-C3BBFA7DBD13}.Debug|Any CPU.ActiveCfg = Debug|Any CPU
		{37538292-E637-421C-9B5C-C3BBFA7DBD13}.Debug|Any CPU.Build.0 = Debug|Any CPU
		{37538292-E637-421C-9B5C-C3BBFA7DBD13}.Release|Any CPU.ActiveCfg = Release|Any CPU
		{37538292-E637-421C-9B5C-C3BBFA7DBD13}.Release|Any CPU.Build.0 = Release|Any CPU
		{5F8BF4C6-204A-48AC-BE2E-A5B745AF7DCB}.Debug|Any CPU.ActiveCfg = Debug|Any CPU
		{5F8BF4C6-204A-48AC-BE2E-A5B745AF7DCB}.Debug|Any CPU.Build.0 = Debug|Any CPU
		{5F8BF4C6-204A-48AC-BE2E-A5B745AF7DCB}.Release|Any CPU.ActiveCfg = Release|Any CPU
		{5F8BF4C6-204A-48AC-BE2E-A5B745AF7DCB}.Release|Any CPU.Build.0 = Release|Any CPU
		{017A2C59-024B-4CCF-B520-8B593DFBBC27}.Debug|Any CPU.ActiveCfg = Debug|Any CPU
		{017A2C59-024B-4CCF-B520-8B593DFBBC27}.Debug|Any CPU.Build.0 = Debug|Any CPU
		{017A2C59-024B-4CCF-B520-8B593DFBBC27}.Release|Any CPU.ActiveCfg = Debug|Any CPU
		{017A2C59-024B-4CCF-B520-8B593DFBBC27}.Release|Any CPU.Build.0 = Debug|Any CPU
		{0F69C904-8DAE-47E3-AA9C-E5428BB26FF4}.Debug|Any CPU.ActiveCfg = Debug|Any CPU
		{0F69C904-8DAE-47E3-AA9C-E5428BB26FF4}.Debug|Any CPU.Build.0 = Debug|Any CPU
		{0F69C904-8DAE-47E3-AA9C-E5428BB26FF4}.Release|Any CPU.ActiveCfg = Release|Any CPU
		{0F69C904-8DAE-47E3-AA9C-E5428BB26FF4}.Release|Any CPU.Build.0 = Release|Any CPU
		{E16C68AB-83CC-4BE9-955F-E8B667FD9CBC}.Debug|Any CPU.ActiveCfg = Debug|Any CPU
		{E16C68AB-83CC-4BE9-955F-E8B667FD9CBC}.Debug|Any CPU.Build.0 = Debug|Any CPU
		{E16C68AB-83CC-4BE9-955F-E8B667FD9CBC}.Release|Any CPU.ActiveCfg = Release|Any CPU
		{E16C68AB-83CC-4BE9-955F-E8B667FD9CBC}.Release|Any CPU.Build.0 = Release|Any CPU
	EndGlobalSection
	GlobalSection(SolutionProperties) = preSolution
		HideSolutionNode = FALSE
	EndGlobalSection
	GlobalSection(NestedProjects) = preSolution
		{04DC577C-2F14-45B2-A32D-67BFDA5CFF8D} = {B4195108-30B0-4FB5-A2EB-F2CAE2D26122}
		{30B7906D-A91F-43DF-90C2-718327AD4D43} = {B4195108-30B0-4FB5-A2EB-F2CAE2D26122}
		{37538292-E637-421C-9B5C-C3BBFA7DBD13} = {B4195108-30B0-4FB5-A2EB-F2CAE2D26122}
		{5F8BF4C6-204A-48AC-BE2E-A5B745AF7DCB} = {B4195108-30B0-4FB5-A2EB-F2CAE2D26122}
		{017A2C59-024B-4CCF-B520-8B593DFBBC27} = {B4195108-30B0-4FB5-A2EB-F2CAE2D26122}
		{0F69C904-8DAE-47E3-AA9C-E5428BB26FF4} = {B205415A-4804-4609-98A1-822E393F2E1B}
		{E16C68AB-83CC-4BE9-955F-E8B667FD9CBC} = {B4195108-30B0-4FB5-A2EB-F2CAE2D26122}
	EndGlobalSection
EndGlobal
